// !$*UTF8*$!
{
	archiveVersion = 1;
	classes = {
	};
	objectVersion = 56;
	objects = {

/* Begin PBXBuildFile section */
		82CAC7552C0AA3AA00A8D06E /* AppDelegate.swift in Sources */ = {isa = PBXBuildFile; fileRef = 82CAC7542C0AA3AA00A8D06E /* AppDelegate.swift */; };
		82CAC7572C0AA3AA00A8D06E /* SceneDelegate.swift in Sources */ = {isa = PBXBuildFile; fileRef = 82CAC7562C0AA3AA00A8D06E /* SceneDelegate.swift */; };
		82CAC7592C0AA3AA00A8D06E /* ViewController.swift in Sources */ = {isa = PBXBuildFile; fileRef = 82CAC7582C0AA3AA00A8D06E /* ViewController.swift */; };
		82CAC75C2C0AA3AA00A8D06E /* Base in Resources */ = {isa = PBXBuildFile; fileRef = 82CAC75B2C0AA3AA00A8D06E /* Base */; };
		82CAC75E2C0AA3AB00A8D06E /* Assets.xcassets in Resources */ = {isa = PBXBuildFile; fileRef = 82CAC75D2C0AA3AB00A8D06E /* Assets.xcassets */; };
		82CAC7612C0AA3AB00A8D06E /* Base in Resources */ = {isa = PBXBuildFile; fileRef = 82CAC7602C0AA3AB00A8D06E /* Base */; };
		82CAC7762C0AE19F00A8D06E /* Localizable.xcstrings in Resources */ = {isa = PBXBuildFile; fileRef = 82CAC7752C0AE19F00A8D06E /* Localizable.xcstrings */; };
/* End PBXBuildFile section */

/* Begin PBXFileReference section */
		82CAC7512C0AA3AA00A8D06E /* localization_ak.app */ = {isa = PBXFileReference; explicitFileType = wrapper.application; includeInIndex = 0; path = localization_ak.app; sourceTree = BUILT_PRODUCTS_DIR; };
		82CAC7542C0AA3AA00A8D06E /* AppDelegate.swift */ = {isa = PBXFileReference; lastKnownFileType = sourcecode.swift; path = AppDelegate.swift; sourceTree = "<group>"; };
		82CAC7562C0AA3AA00A8D06E /* SceneDelegate.swift */ = {isa = PBXFileReference; lastKnownFileType = sourcecode.swift; path = SceneDelegate.swift; sourceTree = "<group>"; };
		82CAC7582C0AA3AA00A8D06E /* ViewController.swift */ = {isa = PBXFileReference; lastKnownFileType = sourcecode.swift; path = ViewController.swift; sourceTree = "<group>"; };
		82CAC75B2C0AA3AA00A8D06E /* Base */ = {isa = PBXFileReference; lastKnownFileType = file.storyboard; name = Base; path = Base.lproj/Main.storyboard; sourceTree = "<group>"; };
		82CAC75D2C0AA3AB00A8D06E /* Assets.xcassets */ = {isa = PBXFileReference; lastKnownFileType = folder.assetcatalog; path = Assets.xcassets; sourceTree = "<group>"; };
		82CAC7602C0AA3AB00A8D06E /* Base */ = {isa = PBXFileReference; lastKnownFileType = file.storyboard; name = Base; path = Base.lproj/LaunchScreen.storyboard; sourceTree = "<group>"; };
		82CAC7622C0AA3AB00A8D06E /* Info.plist */ = {isa = PBXFileReference; lastKnownFileType = text.plist.xml; path = Info.plist; sourceTree = "<group>"; };
		82CAC7752C0AE19F00A8D06E /* Localizable.xcstrings */ = {isa = PBXFileReference; lastKnownFileType = text.json.xcstrings; path = Localizable.xcstrings; sourceTree = "<group>"; };
/* End PBXFileReference section */

/* Begin PBXFrameworksBuildPhase section */
		82CAC74E2C0AA3AA00A8D06E /* Frameworks */ = {
			isa = PBXFrameworksBuildPhase;
			buildActionMask = 2147483647;
			files = (
			);
			runOnlyForDeploymentPostprocessing = 0;
		};
/* End PBXFrameworksBuildPhase section */

/* Begin PBXGroup section */
		82CAC7482C0AA3A900A8D06E = {
			isa = PBXGroup;
			children = (
				82CAC7532C0AA3AA00A8D06E /* localization_ak */,
				82CAC7522C0AA3AA00A8D06E /* Products */,
			);
			sourceTree = "<group>";
		};
		82CAC7522C0AA3AA00A8D06E /* Products */ = {
			isa = PBXGroup;
			children = (
				82CAC7512C0AA3AA00A8D06E /* localization_ak.app */,
			);
			name = Products;
			sourceTree = "<group>";
		};
		82CAC7532C0AA3AA00A8D06E /* localization_ak */ = {
			isa = PBXGroup;
			children = (
				82CAC7542C0AA3AA00A8D06E /* AppDelegate.swift */,
				82CAC7562C0AA3AA00A8D06E /* SceneDelegate.swift */,
				82CAC7582C0AA3AA00A8D06E /* ViewController.swift */,
				82CAC75A2C0AA3AA00A8D06E /* Main.storyboard */,
				82CAC75D2C0AA3AB00A8D06E /* Assets.xcassets */,
				82CAC75F2C0AA3AB00A8D06E /* LaunchScreen.storyboard */,
				82CAC7622C0AA3AB00A8D06E /* Info.plist */,
				82CAC7752C0AE19F00A8D06E /* Localizable.xcstrings */,
			);
			path = localization_ak;
			sourceTree = "<group>";
		};
/* End PBXGroup section */

/* Begin PBXNativeTarget section */
		82CAC7502C0AA3AA00A8D06E /* localization_ak */ = {
			isa = PBXNativeTarget;
			buildConfigurationList = 82CAC7652C0AA3AB00A8D06E /* Build configuration list for PBXNativeTarget "localization_ak" */;
			buildPhases = (
				82CAC74D2C0AA3AA00A8D06E /* Sources */,
				82CAC74E2C0AA3AA00A8D06E /* Frameworks */,
				82CAC74F2C0AA3AA00A8D06E /* Resources */,
			);
			buildRules = (
			);
			dependencies = (
			);
			name = localization_ak;
			productName = localization_ak;
			productReference = 82CAC7512C0AA3AA00A8D06E /* localization_ak.app */;
			productType = "com.apple.product-type.application";
		};
/* End PBXNativeTarget section */

/* Begin PBXProject section */
		82CAC7492C0AA3A900A8D06E /* Project object */ = {
			isa = PBXProject;
			attributes = {
				BuildIndependentTargetsInParallel = 1;
				LastSwiftUpdateCheck = 1540;
				LastUpgradeCheck = 1540;
				TargetAttributes = {
					82CAC7502C0AA3AA00A8D06E = {
						CreatedOnToolsVersion = 15.4;
					};
				};
			};
			buildConfigurationList = 82CAC74C2C0AA3AA00A8D06E /* Build configuration list for PBXProject "localization_ak" */;
			compatibilityVersion = "Xcode 14.0";
			developmentRegion = en;
			hasScannedForEncodings = 0;
			knownRegions = (
				en,
				Base,
				de,
				id,
			);
			mainGroup = 82CAC7482C0AA3A900A8D06E;
			productRefGroup = 82CAC7522C0AA3AA00A8D06E /* Products */;
			projectDirPath = "";
			projectRoot = "";
			targets = (
				82CAC7502C0AA3AA00A8D06E /* localization_ak */,
			);
		};
/* End PBXProject section */

/* Begin PBXResourcesBuildPhase section */
		82CAC74F2C0AA3AA00A8D06E /* Resources */ = {
			isa = PBXResourcesBuildPhase;
			buildActionMask = 2147483647;
			files = (
				82CAC75E2C0AA3AB00A8D06E /* Assets.xcassets in Resources */,
				82CAC7762C0AE19F00A8D06E /* Localizable.xcstrings in Resources */,
				82CAC7612C0AA3AB00A8D06E /* Base in Resources */,
				82CAC75C2C0AA3AA00A8D06E /* Base in Resources */,
			);
			runOnlyForDeploymentPostprocessing = 0;
		};
/* End PBXResourcesBuildPhase section */

/* Begin PBXSourcesBuildPhase section */
		82CAC74D2C0AA3AA00A8D06E /* Sources */ = {
			isa = PBXSourcesBuildPhase;
			buildActionMask = 2147483647;
			files = (
				82CAC7592C0AA3AA00A8D06E /* ViewController.swift in Sources */,
				82CAC7552C0AA3AA00A8D06E /* AppDelegate.swift in Sources */,
				82CAC7572C0AA3AA00A8D06E /* SceneDelegate.swift in Sources */,
			);
			runOnlyForDeploymentPostprocessing = 0;
		};
/* End PBXSourcesBuildPhase section */

/* Begin PBXVariantGroup section */
		82CAC75A2C0AA3AA00A8D06E /* Main.storyboard */ = {
			isa = PBXVariantGroup;
			children = (
				82CAC75B2C0AA3AA00A8D06E /* Base */,
			);
			name = Main.storyboard;
			sourceTree = "<group>";
		};
		82CAC75F2C0AA3AB00A8D06E /* LaunchScreen.storyboard */ = {
			isa = PBXVariantGroup;
			children = (
				82CAC7602C0AA3AB00A8D06E /* Base */,
			);
			name = LaunchScreen.storyboard;
			sourceTree = "<group>";
		};
/* End PBXVariantGroup section */

/* Begin XCBuildConfiguration section */
		82CAC7632C0AA3AB00A8D06E /* Debug */ = {
			isa = XCBuildConfiguration;
			buildSettings = {
				ALWAYS_SEARCH_USER_PATHS = NO;
				ASSETCATALOG_COMPILER_GENERATE_SWIFT_ASSET_SYMBOL_EXTENSIONS = YES;
				CLANG_ANALYZER_LOCALIZABILITY_NONLOCALIZED = YES;
				CLANG_ANALYZER_NONNULL = YES;
				CLANG_ANALYZER_NUMBER_OBJECT_CONVERSION = YES_AGGRESSIVE;
				CLANG_CXX_LANGUAGE_STANDARD = "gnu++20";
				CLANG_ENABLE_MODULES = YES;
				CLANG_ENABLE_OBJC_ARC = YES;
				CLANG_ENABLE_OBJC_WEAK = YES;
				CLANG_WARN_BLOCK_CAPTURE_AUTORELEASING = YES;
				CLANG_WARN_BOOL_CONVERSION = YES;
				CLANG_WARN_COMMA = YES;
				CLANG_WARN_CONSTANT_CONVERSION = YES;
				CLANG_WARN_DEPRECATED_OBJC_IMPLEMENTATIONS = YES;
				CLANG_WARN_DIRECT_OBJC_ISA_USAGE = YES_ERROR;
				CLANG_WARN_DOCUMENTATION_COMMENTS = YES;
				CLANG_WARN_EMPTY_BODY = YES;
				CLANG_WARN_ENUM_CONVERSION = YES;
				CLANG_WARN_INFINITE_RECURSION = YES;
				CLANG_WARN_INT_CONVERSION = YES;
				CLANG_WARN_NON_LITERAL_NULL_CONVERSION = YES;
				CLANG_WARN_OBJC_IMPLICIT_RETAIN_SELF = YES;
				CLANG_WARN_OBJC_LITERAL_CONVERSION = YES;
				CLANG_WARN_OBJC_ROOT_CLASS = YES_ERROR;
				CLANG_WARN_QUOTED_INCLUDE_IN_FRAMEWORK_HEADER = YES;
				CLANG_WARN_RANGE_LOOP_ANALYSIS = YES;
				CLANG_WARN_STRICT_PROTOTYPES = YES;
				CLANG_WARN_SUSPICIOUS_MOVE = YES;
				CLANG_WARN_UNGUARDED_AVAILABILITY = YES_AGGRESSIVE;
				CLANG_WARN_UNREACHABLE_CODE = YES;
				CLANG_WARN__DUPLICATE_METHOD_MATCH = YES;
				COPY_PHASE_STRIP = NO;
				DEBUG_INFORMATION_FORMAT = dwarf;
				ENABLE_STRICT_OBJC_MSGSEND = YES;
				ENABLE_TESTABILITY = YES;
				ENABLE_USER_SCRIPT_SANDBOXING = YES;
				GCC_C_LANGUAGE_STANDARD = gnu17;
				GCC_DYNAMIC_NO_PIC = NO;
				GCC_NO_COMMON_BLOCKS = YES;
				GCC_OPTIMIZATION_LEVEL = 0;
				GCC_PREPROCESSOR_DEFINITIONS = (
					"DEBUG=1",
					"$(inherited)",
				);
				GCC_WARN_64_TO_32_BIT_CONVERSION = YES;
				GCC_WARN_ABOUT_RETURN_TYPE = YES_ERROR;
				GCC_WARN_UNDECLARED_SELECTOR = YES;
				GCC_WARN_UNINITIALIZED_AUTOS = YES_AGGRESSIVE;
				GCC_WARN_UNUSED_FUNCTION = YES;
				GCC_WARN_UNUSED_VARIABLE = YES;
				IPHONEOS_DEPLOYMENT_TARGET = 17.5;
				LOCALIZATION_PREFERS_STRING_CATALOGS = YES;
				MTL_ENABLE_DEBUG_INFO = INCLUDE_SOURCE;
				MTL_FAST_MATH = YES;
				ONLY_ACTIVE_ARCH = YES;
				SDKROOT = iphoneos;
				SWIFT_ACTIVE_COMPILATION_CONDITIONS = "DEBUG $(inherited)";
				SWIFT_OPTIMIZATION_LEVEL = "-Onone";
			};
			name = Debug;
		};
		82CAC7642C0AA3AB00A8D06E /* Release */ = {
			isa = XCBuildConfiguration;
			buildSettings = {
				ALWAYS_SEARCH_USER_PATHS = NO;
				ASSETCATALOG_COMPILER_GENERATE_SWIFT_ASSET_SYMBOL_EXTENSIONS = YES;
				CLANG_ANALYZER_LOCALIZABILITY_NONLOCALIZED = YES;
				CLANG_ANALYZER_NONNULL = YES;
				CLANG_ANALYZER_NUMBER_OBJECT_CONVERSION = YES_AGGRESSIVE;
				CLANG_CXX_LANGUAGE_STANDARD = "gnu++20";
				CLANG_ENABLE_MODULES = YES;
				CLANG_ENABLE_OBJC_ARC = YES;
				CLANG_ENABLE_OBJC_WEAK = YES;
				CLANG_WARN_BLOCK_CAPTURE_AUTORELEASING = YES;
				CLANG_WARN_BOOL_CONVERSION = YES;
				CLANG_WARN_COMMA = YES;
				CLANG_WARN_CONSTANT_CONVERSION = YES;
				CLANG_WARN_DEPRECATED_OBJC_IMPLEMENTATIONS = YES;
				CLANG_WARN_DIRECT_OBJC_ISA_USAGE = YES_ERROR;
				CLANG_WARN_DOCUMENTATION_COMMENTS = YES;
				CLANG_WARN_EMPTY_BODY = YES;
				CLANG_WARN_ENUM_CONVERSION = YES;
				CLANG_WARN_INFINITE_RECURSION = YES;
				CLANG_WARN_INT_CONVERSION = YES;
				CLANG_WARN_NON_LITERAL_NULL_CONVERSION = YES;
				CLANG_WARN_OBJC_IMPLICIT_RETAIN_SELF = YES;
				CLANG_WARN_OBJC_LITERAL_CONVERSION = YES;
				CLANG_WARN_OBJC_ROOT_CLASS = YES_ERROR;
				CLANG_WARN_QUOTED_INCLUDE_IN_FRAMEWORK_HEADER = YES;
				CLANG_WARN_RANGE_LOOP_ANALYSIS = YES;
				CLANG_WARN_STRICT_PROTOTYPES = YES;
				CLANG_WARN_SUSPICIOUS_MOVE = YES;
				CLANG_WARN_UNGUARDED_AVAILABILITY = YES_AGGRESSIVE;
				CLANG_WARN_UNREACHABLE_CODE = YES;
				CLANG_WARN__DUPLICATE_METHOD_MATCH = YES;
				COPY_PHASE_STRIP = NO;
				DEBUG_INFORMATION_FORMAT = "dwarf-with-dsym";
				ENABLE_NS_ASSERTIONS = NO;
				ENABLE_STRICT_OBJC_MSGSEND = YES;
				ENABLE_USER_SCRIPT_SANDBOXING = YES;
				GCC_C_LANGUAGE_STANDARD = gnu17;
				GCC_NO_COMMON_BLOCKS = YES;
				GCC_WARN_64_TO_32_BIT_CONVERSION = YES;
				GCC_WARN_ABOUT_RETURN_TYPE = YES_ERROR;
				GCC_WARN_UNDECLARED_SELECTOR = YES;
				GCC_WARN_UNINITIALIZED_AUTOS = YES_AGGRESSIVE;
				GCC_WARN_UNUSED_FUNCTION = YES;
				GCC_WARN_UNUSED_VARIABLE = YES;
				IPHONEOS_DEPLOYMENT_TARGET = 17.5;
				LOCALIZATION_PREFERS_STRING_CATALOGS = YES;
				MTL_ENABLE_DEBUG_INFO = NO;
				MTL_FAST_MATH = YES;
				SDKROOT = iphoneos;
				SWIFT_COMPILATION_MODE = wholemodule;
				VALIDATE_PRODUCT = YES;
			};
			name = Release;
		};
		82CAC7662C0AA3AB00A8D06E /* Debug */ = {
			isa = XCBuildConfiguration;
			buildSettings = {
				ASSETCATALOG_COMPILER_APPICON_NAME = AppIcon;
				ASSETCATALOG_COMPILER_GLOBAL_ACCENT_COLOR_NAME = AccentColor;
				CODE_SIGN_STYLE = Automatic;
				CURRENT_PROJECT_VERSION = 1;
				DEVELOPMENT_TEAM = KQEQWZ2GRB;
				GENERATE_INFOPLIST_FILE = YES;
				INFOPLIST_FILE = localization_ak/Info.plist;
				INFOPLIST_KEY_UIApplicationSupportsIndirectInputEvents = YES;
				INFOPLIST_KEY_UILaunchStoryboardName = LaunchScreen;
				INFOPLIST_KEY_UIMainStoryboardFile = Main;
				INFOPLIST_KEY_UISupportedInterfaceOrientations_iPad = "UIInterfaceOrientationPortrait UIInterfaceOrientationPortraitUpsideDown UIInterfaceOrientationLandscapeLeft UIInterfaceOrientationLandscapeRight";
				INFOPLIST_KEY_UISupportedInterfaceOrientations_iPhone = "UIInterfaceOrientationPortrait UIInterfaceOrientationLandscapeLeft UIInterfaceOrientationLandscapeRight";
				LD_RUNPATH_SEARCH_PATHS = (
					"$(inherited)",
					"@executable_path/Frameworks",
				);
				MARKETING_VERSION = 1.0;
				PRODUCT_BUNDLE_IDENTIFIER = "orgIdentifier.iosApp.localization-ak";
				PRODUCT_NAME = "$(TARGET_NAME)";
				SWIFT_EMIT_LOC_STRINGS = YES;
				SWIFT_VERSION = 5.0;
				TARGETED_DEVICE_FAMILY = "1,2";
			};
			name = Debug;
		};
		82CAC7672C0AA3AB00A8D06E /* Release */ = {
			isa = XCBuildConfiguration;
			buildSettings = {
				ASSETCATALOG_COMPILER_APPICON_NAME = AppIcon;
				ASSETCATALOG_COMPILER_GLOBAL_ACCENT_COLOR_NAME = AccentColor;
				CODE_SIGN_STYLE = Automatic;
				CURRENT_PROJECT_VERSION = 1;
				DEVELOPMENT_TEAM = KQEQWZ2GRB;
				GENERATE_INFOPLIST_FILE = YES;
				INFOPLIST_FILE = localization_ak/Info.plist;
				INFOPLIST_KEY_UIApplicationSupportsIndirectInputEvents = YES;
				INFOPLIST_KEY_UILaunchStoryboardName = LaunchScreen;
				INFOPLIST_KEY_UIMainStoryboardFile = Main;
				INFOPLIST_KEY_UISupportedInterfaceOrientations_iPad = "UIInterfaceOrientationPortrait UIInterfaceOrientationPortraitUpsideDown UIInterfaceOrientationLandscapeLeft UIInterfaceOrientationLandscapeRight";
				INFOPLIST_KEY_UISupportedInterfaceOrientations_iPhone = "UIInterfaceOrientationPortrait UIInterfaceOrientationLandscapeLeft UIInterfaceOrientationLandscapeRight";
				LD_RUNPATH_SEARCH_PATHS = (
					"$(inherited)",
					"@executable_path/Frameworks",
				);
				MARKETING_VERSION = 1.0;
				PRODUCT_BUNDLE_IDENTIFIER = "orgIdentifier.iosApp.localization-ak";
				PRODUCT_NAME = "$(TARGET_NAME)";
				SWIFT_EMIT_LOC_STRINGS = YES;
				SWIFT_VERSION = 5.0;
				TARGETED_DEVICE_FAMILY = "1,2";
			};
			name = Release;
		};
/* End XCBuildConfiguration section */

/* Begin XCConfigurationList section */
		82CAC74C2C0AA3AA00A8D06E /* Build configuration list for PBXProject "localization_ak" */ = {
			isa = XCConfigurationList;
			buildConfigurations = (
				82CAC7632C0AA3AB00A8D06E /* Debug */,
				82CAC7642C0AA3AB00A8D06E /* Release */,
			);
			defaultConfigurationIsVisible = 0;
			defaultConfigurationName = Release;
		};
		82CAC7652C0AA3AB00A8D06E /* Build configuration list for PBXNativeTarget "localization_ak" */ = {
			isa = XCConfigurationList;
			buildConfigurations = (
				82CAC7662C0AA3AB00A8D06E /* Debug */,
				82CAC7672C0AA3AB00A8D06E /* Release */,
			);
			defaultConfigurationIsVisible = 0;
			defaultConfigurationName = Release;
		};
/* End XCConfigurationList section */
	};
	rootObject = 82CAC7492C0AA3A900A8D06E /* Project object */;
}
